
Microsoft Visual Studio Solution File, Format Version 9.00
# Visual Studio 2005
Project("{8BC9CEB8-8B4A-11D0-8D11-00A0C91BC942}") = "NetworkSecurity", "NetworkSecurity\NetworkSecurity.vcproj", "{1BDD5BC1-FF23-41E2-B9D7-F13A1DFC7B3E}"
EndProject
Project("{8BC9CEB8-8B4A-11D0-8D11-00A0C91BC942}") = "CreateCertificate", "CreateCertificate\CreateCertificate.vcproj", "{49173BA2-F56B-4E9B-99D4-35A47EA2F9DF}"
EndProject
Project("{8BC9CEB8-8B4A-11D0-8D11-00A0C91BC942}") = "CheckCertificate", "CheckCertificate\CheckCertificate.vcproj", "{62C3BC0A-0E3B-49B2-B33A-35BB3591FCB9}"
EndProject
Global
	GlobalSection(SolutionConfigurationPlatforms) = preSolution
		Debug|Win32 = Debug|Win32
		Release|Win32 = Release|Win32
	EndGlobalSection
	GlobalSection(ProjectConfigurationPlatforms) = postSolution
		{1BDD5BC1-FF23-41E2-B9D7-F13A1DFC7B3E}.Debug|Win32.ActiveCfg = Debug|Win32
		{1BDD5BC1-FF23-41E2-B9D7-F13A1DFC7B3E}.Debug|Win32.Build.0 = Debug|Win32
		{1BDD5BC1-FF23-41E2-B9D7-F13A1DFC7B3E}.Release|Win32.ActiveCfg = Release|Win32
		{1BDD5BC1-FF23-41E2-B9D7-F13A1DFC7B3E}.Release|Win32.Build.0 = Release|Win32
		{49173BA2-F56B-4E9B-99D4-35A47EA2F9DF}.Debug|Win32.ActiveCfg = Debug|Win32
		{49173BA2-F56B-4E9B-99D4-35A47EA2F9DF}.Debug|Win32.Build.0 = Debug|Win32
		{49173BA2-F56B-4E9B-99D4-35A47EA2F9DF}.Release|Win32.ActiveCfg = Release|Win32
		{49173BA2-F56B-4E9B-99D4-35A47EA2F9DF}.Release|Win32.Build.0 = Release|Win32
		{62C3BC0A-0E3B-49B2-B33A-35BB3591FCB9}.Debug|Win32.ActiveCfg = Debug|Win32
		{62C3BC0A-0E3B-49B2-B33A-35BB3591FCB9}.Debug|Win32.Build.0 = Debug|Win32
		{62C3BC0A-0E3B-49B2-B33A-35BB3591FCB9}.Release|Win32.ActiveCfg = Release|Win32
		{62C3BC0A-0E3B-49B2-B33A-35BB3591FCB9}.Release|Win32.Build.0 = Release|Win32
	EndGlobalSection
	GlobalSection(SolutionProperties) = preSolution
		HideSolutionNode = FALSE
	EndGlobalSection
EndGlobal
